{
  "name": "ServiceWorker",
  "lockfileVersion": 3,
  "requires": true,
  "packages": {
    "": {
      "dependencies": {
        "pnpm": "^8.11.0"
      }
    },
    "node_modules/pnpm": {
      "version": "8.11.0",
      "resolved": "https://registry.npmjs.org/pnpm/-/pnpm-8.11.0.tgz",
      "integrity": "sha512-nfh8FsmNsntOBR14fmfyIH7EfoCcywe/e17ErNzRYTNVg5o40LkAFEkj1qcFdwC3TSoMyxVYvrJBZHoSBqmnqw==",
      "bin": {
        "pnpm": "bin/pnpm.cjs",
        "pnpx": "bin/pnpx.cjs"
      },
      "engines": {
        "node": ">=16.14"
      },
      "funding": {
        "url": "https://opencollective.com/pnpm"
      }
    }
  }
}
