lockfileVersion: '6.0'

settings:
  autoInstallPeers: true
  excludeLinksFromLockfile: false

dependencies:
  pnpm:
    specifier: ^8.11.0
    version: 8.11.0
  vnu-jar:
    specifier: ^23.4.11
    version: 23.4.11

packages:

  /pnpm@8.11.0:
    resolution: {integrity: sha512-nfh8FsmNsntOBR14fmfyIH7EfoCcywe/e17ErNzRYTNVg5o40LkAFEkj1qcFdwC3TSoMyxVYvrJBZHoSBqmnqw==}
    engines: {node: '>=16.14'}
    hasBin: true
    dev: false

  /vnu-jar@23.4.11:
    resolution: {integrity: sha512-lI5dzBYXtxhilNI7EeQ5iUduYnNBq7YWx4UjfBVLXfBQHnXYZSf3y3bpM0bSyDU6jy/+OyKV7nw4tzpR5lXSZg==}
    engines: {node: '>=0.10'}
    dev: false
